
Microsoft Visual Studio Solution File, Format Version 12.00
# Visual Studio 2012
Project("{FAE04EC0-301F-11D3-BF4B-00C04F79EFBC}") = "LandscapePortraitView", "LandscapePortraitView\LandscapePortraitView.csproj", "{3C0F6981-EC50-41E5-B2AF-470D83E23B83}"
EndProject
Global
	GlobalSection(SolutionConfigurationPlatforms) = preSolution
		Debug|iPhoneSimulator = Debug|iPhoneSimulator
		Release|iPhone = Release|iPhone
		Release|iPhoneSimulator = Release|iPhoneSimulator
		Debug|iPhone = Debug|iPhone
	EndGlobalSection
	GlobalSection(ProjectConfigurationPlatforms) = postSolution
		{3C0F6981-EC50-41E5-B2AF-470D83E23B83}.Debug|iPhoneSimulator.ActiveCfg = Debug|iPhoneSimulator
		{3C0F6981-EC50-41E5-B2AF-470D83E23B83}.Debug|iPhoneSimulator.Build.0 = Debug|iPhoneSimulator
		{3C0F6981-EC50-41E5-B2AF-470D83E23B83}.Release|iPhone.ActiveCfg = Release|iPhone
		{3C0F6981-EC50-41E5-B2AF-470D83E23B83}.Release|iPhone.Build.0 = Release|iPhone
		{3C0F6981-EC50-41E5-B2AF-470D83E23B83}.Release|iPhoneSimulator.ActiveCfg = Release|iPhoneSimulator
		{3C0F6981-EC50-41E5-B2AF-470D83E23B83}.Release|iPhoneSimulator.Build.0 = Release|iPhoneSimulator
		{3C0F6981-EC50-41E5-B2AF-470D83E23B83}.Debug|iPhone.ActiveCfg = Debug|iPhone
		{3C0F6981-EC50-41E5-B2AF-470D83E23B83}.Debug|iPhone.Build.0 = Debug|iPhone
	EndGlobalSection
EndGlobal
